
Microsoft Visual Studio Solution File, Format Version 12.00
# Visual Studio 15
VisualStudioVersion = 15.0.28307.852
MinimumVisualStudioVersion = 10.0.40219.1
Project("{FAE04EC0-301F-11D3-BF4B-00C04F79EFBC}") = "SpaceHawks", "SpaceHawks\SpaceHawks.csproj", "{85156C0B-FF1A-47F2-B939-302557EB88D6}"
EndProject
Global
	GlobalSection(SolutionConfigurationPlatforms) = preSolution
		Debug|x86 = Debug|x86
		Release|x86 = Release|x86
	EndGlobalSection
	GlobalSection(ProjectConfigurationPlatforms) = postSolution
		{85156C0B-FF1A-47F2-B939-302557EB88D6}.Debug|x86.ActiveCfg = Debug|x86
		{85156C0B-FF1A-47F2-B939-302557EB88D6}.Debug|x86.Build.0 = Debug|x86
		{85156C0B-FF1A-47F2-B939-302557EB88D6}.Release|x86.ActiveCfg = Release|x86
		{85156C0B-FF1A-47F2-B939-302557EB88D6}.Release|x86.Build.0 = Release|x86
	EndGlobalSection
	GlobalSection(SolutionProperties) = preSolution
		HideSolutionNode = FALSE
	EndGlobalSection
	GlobalSection(ExtensibilityGlobals) = postSolution
		SolutionGuid = {3C1CF996-DD0D-450B-A0AB-7EAC94CE87AB}
	EndGlobalSection
EndGlobal
